
Microsoft Visual Studio Solution File, Format Version 12.00
# Visual Studio Version 17
VisualStudioVersion = 17.13.35825.156 d17.13
MinimumVisualStudioVersion = 10.0.40219.1
Project("{FAE04EC0-301F-11D3-BF4B-00C04F79EFBC}") = "Project 6", "Project 6\Project 6.csproj", "{6C9CC945-2F65-40FA-A954-4F940E33B1F6}"
EndProject
Global
	GlobalSection(SolutionConfigurationPlatforms) = preSolution
		Debug|Any CPU = Debug|Any CPU
		Release|Any CPU = Release|Any CPU
	EndGlobalSection
	GlobalSection(ProjectConfigurationPlatforms) = postSolution
		{6C9CC945-2F65-40FA-A954-4F940E33B1F6}.Debug|Any CPU.ActiveCfg = Debug|Any CPU
		{6C9CC945-2F65-40FA-A954-4F940E33B1F6}.Debug|Any CPU.Build.0 = Debug|Any CPU
		{6C9CC945-2F65-40FA-A954-4F940E33B1F6}.Release|Any CPU.ActiveCfg = Release|Any CPU
		{6C9CC945-2F65-40FA-A954-4F940E33B1F6}.Release|Any CPU.Build.0 = Release|Any CPU
	EndGlobalSection
	GlobalSection(SolutionProperties) = preSolution
		HideSolutionNode = FALSE
	EndGlobalSection
	GlobalSection(ExtensibilityGlobals) = postSolution
		SolutionGuid = {B729AECA-94A7-4331-A032-47BD80509F0A}
	EndGlobalSection
EndGlobal
